
Microsoft Visual Studio Solution File, Format Version 12.00
# Visual Studio 15
VisualStudioVersion = 15.0.27130.2036
MinimumVisualStudioVersion = 10.0.40219.1
Project("{FAE04EC0-301F-11D3-BF4B-00C04F79EFBC}") = "MarkUnit.NET", "MarkUnit\MarkUnit.NET.csproj", "{87E5030B-D364-499C-BE3C-3A389B7C4E28}"
EndProject
Project("{FAE04EC0-301F-11D3-BF4B-00C04F79EFBC}") = "Tests.MarkUnit", "Tests.MarkUnit.NET\Tests.MarkUnit.csproj", "{B28BF951-A5CA-4B1F-88C4-872759E967DD}"
EndProject
Project("{FAE04EC0-301F-11D3-BF4B-00C04F79EFBC}") = "KaroTesterDemo", "KaroTesterDemo\KaroTesterDemo.csproj", "{7C548947-006F-4E3A-9B15-9CB8C1585D48}"
EndProject
Global
	GlobalSection(SolutionConfigurationPlatforms) = preSolution
		Debug|Any CPU = Debug|Any CPU
		Release|Any CPU = Release|Any CPU
	EndGlobalSection
	GlobalSection(ProjectConfigurationPlatforms) = postSolution
		{87E5030B-D364-499C-BE3C-3A389B7C4E28}.Debug|Any CPU.ActiveCfg = Debug|Any CPU
		{87E5030B-D364-499C-BE3C-3A389B7C4E28}.Debug|Any CPU.Build.0 = Debug|Any CPU
		{87E5030B-D364-499C-BE3C-3A389B7C4E28}.Release|Any CPU.ActiveCfg = Release|Any CPU
		{87E5030B-D364-499C-BE3C-3A389B7C4E28}.Release|Any CPU.Build.0 = Release|Any CPU
		{B28BF951-A5CA-4B1F-88C4-872759E967DD}.Debug|Any CPU.ActiveCfg = Debug|Any CPU
		{B28BF951-A5CA-4B1F-88C4-872759E967DD}.Debug|Any CPU.Build.0 = Debug|Any CPU
		{B28BF951-A5CA-4B1F-88C4-872759E967DD}.Release|Any CPU.ActiveCfg = Release|Any CPU
		{B28BF951-A5CA-4B1F-88C4-872759E967DD}.Release|Any CPU.Build.0 = Release|Any CPU
		{7C548947-006F-4E3A-9B15-9CB8C1585D48}.Debug|Any CPU.ActiveCfg = Debug|Any CPU
		{7C548947-006F-4E3A-9B15-9CB8C1585D48}.Debug|Any CPU.Build.0 = Debug|Any CPU
		{7C548947-006F-4E3A-9B15-9CB8C1585D48}.Release|Any CPU.ActiveCfg = Release|Any CPU
		{7C548947-006F-4E3A-9B15-9CB8C1585D48}.Release|Any CPU.Build.0 = Release|Any CPU
	EndGlobalSection
	GlobalSection(SolutionProperties) = preSolution
		HideSolutionNode = FALSE
	EndGlobalSection
	GlobalSection(ExtensibilityGlobals) = postSolution
		SolutionGuid = {AF16CD18-5813-4E09-BEA9-11E656730E8D}
	EndGlobalSection
EndGlobal
